
Microsoft Visual Studio Solution File, Format Version 12.00
# Visual Studio Version 16
VisualStudioVersion = 16.0.31727.386
MinimumVisualStudioVersion = 10.0.40219.1
Project("{8BC9CEB8-8B4A-11D0-8D11-00A0C91BC942}") = "трпо", "трпо\трпо.vcxproj", "{8FE60016-A193-4E18-B31E-CDB215D8CBBD}"
EndProject
Global
	GlobalSection(SolutionConfigurationPlatforms) = preSolution
		Debug|x64 = Debug|x64
		Debug|x86 = Debug|x86
		Release|x64 = Release|x64
		Release|x86 = Release|x86
	EndGlobalSection
	GlobalSection(ProjectConfigurationPlatforms) = postSolution
		{8FE60016-A193-4E18-B31E-CDB215D8CBBD}.Debug|x64.ActiveCfg = Debug|x64
		{8FE60016-A193-4E18-B31E-CDB215D8CBBD}.Debug|x64.Build.0 = Debug|x64
		{8FE60016-A193-4E18-B31E-CDB215D8CBBD}.Debug|x86.ActiveCfg = Debug|Win32
		{8FE60016-A193-4E18-B31E-CDB215D8CBBD}.Debug|x86.Build.0 = Debug|Win32
		{8FE60016-A193-4E18-B31E-CDB215D8CBBD}.Release|x64.ActiveCfg = Release|x64
		{8FE60016-A193-4E18-B31E-CDB215D8CBBD}.Release|x64.Build.0 = Release|x64
		{8FE60016-A193-4E18-B31E-CDB215D8CBBD}.Release|x86.ActiveCfg = Release|Win32
		{8FE60016-A193-4E18-B31E-CDB215D8CBBD}.Release|x86.Build.0 = Release|Win32
	EndGlobalSection
	GlobalSection(SolutionProperties) = preSolution
		HideSolutionNode = FALSE
	EndGlobalSection
	GlobalSection(ExtensibilityGlobals) = postSolution
		SolutionGuid = {2385AA2D-B98C-4FC9-8285-9CEF53FFD7EE}
	EndGlobalSection
EndGlobal
